
Microsoft Visual Studio Solution File, Format Version 12.00
# Visual Studio 14
VisualStudioVersion = 14.0.25420.1
MinimumVisualStudioVersion = 10.0.40219.1
Project("{FAE04EC0-301F-11D3-BF4B-00C04F79EFBC}") = "Passed", "Passed\Passed.csproj", "{10EC8056-068F-4B97-ACE3-ECBD3BD3935D}"
EndProject
Project("{FAE04EC0-301F-11D3-BF4B-00C04F79EFBC}") = "PassedOrFailed", "PassedOrFailed\PassedOrFailed.csproj", "{50459187-8DF5-4A0C-9628-57111B26C858}"
EndProject
Project("{FAE04EC0-301F-11D3-BF4B-00C04F79EFBC}") = "BackIn30Minutes", "BackIn30Minutes\BackIn30Minutes.csproj", "{9745DA28-EFF4-4C1A-A2C8-F94D10EF7B34}"
EndProject
Project("{FAE04EC0-301F-11D3-BF4B-00C04F79EFBC}") = "MonthPrinter", "MonthPrinter\MonthPrinter.csproj", "{5ED691FA-C80C-4D9B-A936-3A0E4FF67524}"
EndProject
Project("{FAE04EC0-301F-11D3-BF4B-00C04F79EFBC}") = "ForeignLanguages", "ForeignLanguages\ForeignLanguages.csproj", "{320861CB-A15C-423F-BAE8-55ECD7865E5C}"
EndProject
Project("{FAE04EC0-301F-11D3-BF4B-00C04F79EFBC}") = "TheatrePromotion", "TheatrePromotion\TheatrePromotion.csproj", "{A15B7EA9-27EB-42D3-A78C-3991D4EA8EB0}"
EndProject
Project("{FAE04EC0-301F-11D3-BF4B-00C04F79EFBC}") = "DivisibleBy3", "DivisibleBy3\DivisibleBy3.csproj", "{54506B16-1C70-4CD2-B3AA-C0435F724813}"
EndProject
Project("{FAE04EC0-301F-11D3-BF4B-00C04F79EFBC}") = "SumOfOddNumbers", "SumOfOddNumbers\SumOfOddNumbers.csproj", "{F7DFDC57-3F40-406B-9B5A-D431A4012AB8}"
EndProject
Project("{FAE04EC0-301F-11D3-BF4B-00C04F79EFBC}") = "MultiplicationTable", "MultiplicationTable\MultiplicationTable.csproj", "{B73903B9-7818-4E44-AC71-BE1D158AD6D6}"
EndProject
Project("{FAE04EC0-301F-11D3-BF4B-00C04F79EFBC}") = "MultiplicationTable2.0", "MultiplicationTable2.0\MultiplicationTable2.0.csproj", "{DDB1F8A3-0A39-4D94-881A-571BF63DD9A9}"
EndProject
Project("{FAE04EC0-301F-11D3-BF4B-00C04F79EFBC}") = "OddNumber", "OddNumber\OddNumber.csproj", "{0373F276-27A2-432F-99B7-087EA5C61778}"
EndProject
Project("{FAE04EC0-301F-11D3-BF4B-00C04F79EFBC}") = "NumberChecker", "NumberChecker\NumberChecker.csproj", "{03A72FB6-D370-4FA6-A8D6-04DCF75B07BB}"
EndProject
Global
	GlobalSection(SolutionConfigurationPlatforms) = preSolution
		Debug|Any CPU = Debug|Any CPU
		Release|Any CPU = Release|Any CPU
	EndGlobalSection
	GlobalSection(ProjectConfigurationPlatforms) = postSolution
		{10EC8056-068F-4B97-ACE3-ECBD3BD3935D}.Debug|Any CPU.ActiveCfg = Debug|Any CPU
		{10EC8056-068F-4B97-ACE3-ECBD3BD3935D}.Debug|Any CPU.Build.0 = Debug|Any CPU
		{10EC8056-068F-4B97-ACE3-ECBD3BD3935D}.Release|Any CPU.ActiveCfg = Release|Any CPU
		{10EC8056-068F-4B97-ACE3-ECBD3BD3935D}.Release|Any CPU.Build.0 = Release|Any CPU
		{50459187-8DF5-4A0C-9628-57111B26C858}.Debug|Any CPU.ActiveCfg = Debug|Any CPU
		{50459187-8DF5-4A0C-9628-57111B26C858}.Debug|Any CPU.Build.0 = Debug|Any CPU
		{50459187-8DF5-4A0C-9628-57111B26C858}.Release|Any CPU.ActiveCfg = Release|Any CPU
		{50459187-8DF5-4A0C-9628-57111B26C858}.Release|Any CPU.Build.0 = Release|Any CPU
		{9745DA28-EFF4-4C1A-A2C8-F94D10EF7B34}.Debug|Any CPU.ActiveCfg = Debug|Any CPU
		{9745DA28-EFF4-4C1A-A2C8-F94D10EF7B34}.Debug|Any CPU.Build.0 = Debug|Any CPU
		{9745DA28-EFF4-4C1A-A2C8-F94D10EF7B34}.Release|Any CPU.ActiveCfg = Release|Any CPU
		{9745DA28-EFF4-4C1A-A2C8-F94D10EF7B34}.Release|Any CPU.Build.0 = Release|Any CPU
		{5ED691FA-C80C-4D9B-A936-3A0E4FF67524}.Debug|Any CPU.ActiveCfg = Debug|Any CPU
		{5ED691FA-C80C-4D9B-A936-3A0E4FF67524}.Debug|Any CPU.Build.0 = Debug|Any CPU
		{5ED691FA-C80C-4D9B-A936-3A0E4FF67524}.Release|Any CPU.ActiveCfg = Release|Any CPU
		{5ED691FA-C80C-4D9B-A936-3A0E4FF67524}.Release|Any CPU.Build.0 = Release|Any CPU
		{320861CB-A15C-423F-BAE8-55ECD7865E5C}.Debug|Any CPU.ActiveCfg = Debug|Any CPU
		{320861CB-A15C-423F-BAE8-55ECD7865E5C}.Debug|Any CPU.Build.0 = Debug|Any CPU
		{320861CB-A15C-423F-BAE8-55ECD7865E5C}.Release|Any CPU.ActiveCfg = Release|Any CPU
		{320861CB-A15C-423F-BAE8-55ECD7865E5C}.Release|Any CPU.Build.0 = Release|Any CPU
		{A15B7EA9-27EB-42D3-A78C-3991D4EA8EB0}.Debug|Any CPU.ActiveCfg = Debug|Any CPU
		{A15B7EA9-27EB-42D3-A78C-3991D4EA8EB0}.Debug|Any CPU.Build.0 = Debug|Any CPU
		{A15B7EA9-27EB-42D3-A78C-3991D4EA8EB0}.Release|Any CPU.ActiveCfg = Release|Any CPU
		{A15B7EA9-27EB-42D3-A78C-3991D4EA8EB0}.Release|Any CPU.Build.0 = Release|Any CPU
		{54506B16-1C70-4CD2-B3AA-C0435F724813}.Debug|Any CPU.ActiveCfg = Debug|Any CPU
		{54506B16-1C70-4CD2-B3AA-C0435F724813}.Debug|Any CPU.Build.0 = Debug|Any CPU
		{54506B16-1C70-4CD2-B3AA-C0435F724813}.Release|Any CPU.ActiveCfg = Release|Any CPU
		{54506B16-1C70-4CD2-B3AA-C0435F724813}.Release|Any CPU.Build.0 = Release|Any CPU
		{F7DFDC57-3F40-406B-9B5A-D431A4012AB8}.Debug|Any CPU.ActiveCfg = Debug|Any CPU
		{F7DFDC57-3F40-406B-9B5A-D431A4012AB8}.Debug|Any CPU.Build.0 = Debug|Any CPU
		{F7DFDC57-3F40-406B-9B5A-D431A4012AB8}.Release|Any CPU.ActiveCfg = Release|Any CPU
		{F7DFDC57-3F40-406B-9B5A-D431A4012AB8}.Release|Any CPU.Build.0 = Release|Any CPU
		{B73903B9-7818-4E44-AC71-BE1D158AD6D6}.Debug|Any CPU.ActiveCfg = Debug|Any CPU
		{B73903B9-7818-4E44-AC71-BE1D158AD6D6}.Debug|Any CPU.Build.0 = Debug|Any CPU
		{B73903B9-7818-4E44-AC71-BE1D158AD6D6}.Release|Any CPU.ActiveCfg = Release|Any CPU
		{B73903B9-7818-4E44-AC71-BE1D158AD6D6}.Release|Any CPU.Build.0 = Release|Any CPU
		{DDB1F8A3-0A39-4D94-881A-571BF63DD9A9}.Debug|Any CPU.ActiveCfg = Debug|Any CPU
		{DDB1F8A3-0A39-4D94-881A-571BF63DD9A9}.Debug|Any CPU.Build.0 = Debug|Any CPU
		{DDB1F8A3-0A39-4D94-881A-571BF63DD9A9}.Release|Any CPU.ActiveCfg = Release|Any CPU
		{DDB1F8A3-0A39-4D94-881A-571BF63DD9A9}.Release|Any CPU.Build.0 = Release|Any CPU
		{0373F276-27A2-432F-99B7-087EA5C61778}.Debug|Any CPU.ActiveCfg = Debug|Any CPU
		{0373F276-27A2-432F-99B7-087EA5C61778}.Debug|Any CPU.Build.0 = Debug|Any CPU
		{0373F276-27A2-432F-99B7-087EA5C61778}.Release|Any CPU.ActiveCfg = Release|Any CPU
		{0373F276-27A2-432F-99B7-087EA5C61778}.Release|Any CPU.Build.0 = Release|Any CPU
		{03A72FB6-D370-4FA6-A8D6-04DCF75B07BB}.Debug|Any CPU.ActiveCfg = Debug|Any CPU
		{03A72FB6-D370-4FA6-A8D6-04DCF75B07BB}.Debug|Any CPU.Build.0 = Debug|Any CPU
		{03A72FB6-D370-4FA6-A8D6-04DCF75B07BB}.Release|Any CPU.ActiveCfg = Release|Any CPU
		{03A72FB6-D370-4FA6-A8D6-04DCF75B07BB}.Release|Any CPU.Build.0 = Release|Any CPU
	EndGlobalSection
	GlobalSection(SolutionProperties) = preSolution
		HideSolutionNode = FALSE
	EndGlobalSection
EndGlobal
